PODS:
  - IQKeyboardManager (3.2.1.1)
  - QuickBlox (2.1.1)
  - SVPullToRefresh (0.4.1)

DEPENDENCIES:
  - IQKeyboardManager
  - QuickBlox
  - SVPullToRefresh

SPEC CHECKSUMS:
  IQKeyboardManager: 6aeae6a2014d66461c48f6753dd693e92eaf6524
  QuickBlox: 4424ee028f695313e4aab882b2a6e54d16f411ca
  SVPullToRefresh: ba2e718695a43253d8bea6852d2960097dc15d8c

COCOAPODS: 0.35.0
