PODS:
  - IQKeyboardManager (3.2.1.1)
  - NewRelicAgent (4.186)
  - QuickBlox (2.1.1)
  - SDWebImage (3.7.2):
    - SDWebImage/Core (= 3.7.2)
  - SDWebImage/Core (3.7.2)
  - SVPullToRefresh (0.4.1)

DEPENDENCIES:
  - IQKeyboardManager
  - NewRelicAgent
  - QuickBlox
  - SDWebImage (~> 3.7)
  - SVPullToRefresh

SPEC CHECKSUMS:
  IQKeyboardManager: 6aeae6a2014d66461c48f6753dd693e92eaf6524
  NewRelicAgent: c9efe4386f703c97741fbb1f65e80d5513a04866
  QuickBlox: 4424ee028f695313e4aab882b2a6e54d16f411ca
  SDWebImage: 71b7cdc1d1721d6a82ed62889030225f2c249e29
  SVPullToRefresh: ba2e718695a43253d8bea6852d2960097dc15d8c

COCOAPODS: 0.36.3
